// !$*UTF8*$!
{
	archiveVersion = 1;
	classes = {
	};
	objectVersion = 50;
	objects = {

/* Begin PBXBuildFile section */
		2C6F3E1A2369E38700961956 /* AppDelegate.swift in Sources */ = {isa = PBXBuildFile; fileRef = 2C6F3E192369E38700961956 /* AppDelegate.swift */; };
		2C6F3E1C2369E38700961956 /* SceneDelegate.swift in Sources */ = {isa = PBXBuildFile; fileRef = 2C6F3E1B2369E38700961956 /* SceneDelegate.swift */; };
		2C6F3E212369E38700961956 /* Main.storyboard in Resources */ = {isa = PBXBuildFile; fileRef = 2C6F3E1F2369E38700961956 /* Main.storyboard */; };
		2C6F3E232369E38900961956 /* Assets.xcassets in Resources */ = {isa = PBXBuildFile; fileRef = 2C6F3E222369E38900961956 /* Assets.xcassets */; };
		2C6F3E262369E38900961956 /* LaunchScreen.storyboard in Resources */ = {isa = PBXBuildFile; fileRef = 2C6F3E242369E38900961956 /* LaunchScreen.storyboard */; };
		2C6F3E562369F7DE00961956 /* CVViewController.swift in Sources */ = {isa = PBXBuildFile; fileRef = 2C6F3E552369F7DE00961956 /* CVViewController.swift */; };
		2CD2B54123703D8D00A3C074 /* ExperienceViewController.swift in Sources */ = {isa = PBXBuildFile; fileRef = 2CD2B54023703D8D00A3C074 /* ExperienceViewController.swift */; };
		2CD2B543237063B900A3C074 /* ExperienceTableViewCell.swift in Sources */ = {isa = PBXBuildFile; fileRef = 2CD2B542237063B900A3C074 /* ExperienceTableViewCell.swift */; };
		2CD2B54723706BFF00A3C074 /* ExpObject.swift in Sources */ = {isa = PBXBuildFile; fileRef = 2CD2B54623706BFF00A3C074 /* ExpObject.swift */; };
		2CD2B54923715D4100A3C074 /* ExperienceDetailViewController.swift in Sources */ = {isa = PBXBuildFile; fileRef = 2CD2B54823715D4100A3C074 /* ExperienceDetailViewController.swift */; };
		2CD2B54B2371716700A3C074 /* SkillsViewController.swift in Sources */ = {isa = PBXBuildFile; fileRef = 2CD2B54A2371716700A3C074 /* SkillsViewController.swift */; };
/* End PBXBuildFile section */

/* Begin PBXFileReference section */
		2C6F3E162369E38700961956 /* Lab02CV.app */ = {isa = PBXFileReference; explicitFileType = wrapper.application; includeInIndex = 0; path = Lab02CV.app; sourceTree = BUILT_PRODUCTS_DIR; };
		2C6F3E192369E38700961956 /* AppDelegate.swift */ = {isa = PBXFileReference; lastKnownFileType = sourcecode.swift; path = AppDelegate.swift; sourceTree = "<group>"; };
		2C6F3E1B2369E38700961956 /* SceneDelegate.swift */ = {isa = PBXFileReference; lastKnownFileType = sourcecode.swift; path = SceneDelegate.swift; sourceTree = "<group>"; };
		2C6F3E202369E38700961956 /* Base */ = {isa = PBXFileReference; lastKnownFileType = file.storyboard; name = Base; path = Base.lproj/Main.storyboard; sourceTree = "<group>"; };
		2C6F3E222369E38900961956 /* Assets.xcassets */ = {isa = PBXFileReference; lastKnownFileType = folder.assetcatalog; path = Assets.xcassets; sourceTree = "<group>"; };
		2C6F3E252369E38900961956 /* Base */ = {isa = PBXFileReference; lastKnownFileType = file.storyboard; name = Base; path = Base.lproj/LaunchScreen.storyboard; sourceTree = "<group>"; };
		2C6F3E272369E38900961956 /* Info.plist */ = {isa = PBXFileReference; lastKnownFileType = text.plist.xml; path = Info.plist; sourceTree = "<group>"; };
		2C6F3E552369F7DE00961956 /* CVViewController.swift */ = {isa = PBXFileReference; lastKnownFileType = sourcecode.swift; path = CVViewController.swift; sourceTree = "<group>"; };
		2CD2B54023703D8D00A3C074 /* ExperienceViewController.swift */ = {isa = PBXFileReference; lastKnownFileType = sourcecode.swift; path = ExperienceViewController.swift; sourceTree = "<group>"; };
		2CD2B542237063B900A3C074 /* ExperienceTableViewCell.swift */ = {isa = PBXFileReference; lastKnownFileType = sourcecode.swift; path = ExperienceTableViewCell.swift; sourceTree = "<group>"; };
		2CD2B54623706BFF00A3C074 /* ExpObject.swift */ = {isa = PBXFileReference; lastKnownFileType = sourcecode.swift; path = ExpObject.swift; sourceTree = "<group>"; };
		2CD2B54823715D4100A3C074 /* ExperienceDetailViewController.swift */ = {isa = PBXFileReference; lastKnownFileType = sourcecode.swift; path = ExperienceDetailViewController.swift; sourceTree = "<group>"; };
		2CD2B54A2371716700A3C074 /* SkillsViewController.swift */ = {isa = PBXFileReference; lastKnownFileType = sourcecode.swift; path = SkillsViewController.swift; sourceTree = "<group>"; };
/* End PBXFileReference section */

/* Begin PBXFrameworksBuildPhase section */
		2C6F3E132369E38700961956 /* Frameworks */ = {
			isa = PBXFrameworksBuildPhase;
			buildActionMask = 2147483647;
			files = (
			);
			runOnlyForDeploymentPostprocessing = 0;
		};
/* End PBXFrameworksBuildPhase section */

/* Begin PBXGroup section */
		2C6F3E0D2369E38700961956 = {
			isa = PBXGroup;
			children = (
				2C6F3E182369E38700961956 /* Lab02CV */,
				2C6F3E172369E38700961956 /* Products */,
			);
			sourceTree = "<group>";
		};
		2C6F3E172369E38700961956 /* Products */ = {
			isa = PBXGroup;
			children = (
				2C6F3E162369E38700961956 /* Lab02CV.app */,
			);
			name = Products;
			sourceTree = "<group>";
		};
		2C6F3E182369E38700961956 /* Lab02CV */ = {
			isa = PBXGroup;
			children = (
				2C6F3E192369E38700961956 /* AppDelegate.swift */,
				2C6F3E1B2369E38700961956 /* SceneDelegate.swift */,
				2CD2B54023703D8D00A3C074 /* ExperienceViewController.swift */,
				2CD2B54823715D4100A3C074 /* ExperienceDetailViewController.swift */,
				2CD2B54A2371716700A3C074 /* SkillsViewController.swift */,
				2CD2B54623706BFF00A3C074 /* ExpObject.swift */,
				2CD2B542237063B900A3C074 /* ExperienceTableViewCell.swift */,
				2C6F3E552369F7DE00961956 /* CVViewController.swift */,
				2C6F3E1F2369E38700961956 /* Main.storyboard */,
				2C6F3E222369E38900961956 /* Assets.xcassets */,
				2C6F3E242369E38900961956 /* LaunchScreen.storyboard */,
				2C6F3E272369E38900961956 /* Info.plist */,
			);
			path = Lab02CV;
			sourceTree = "<group>";
		};
/* End PBXGroup section */

/* Begin PBXNativeTarget section */
		2C6F3E152369E38700961956 /* Lab02CV */ = {
			isa = PBXNativeTarget;
			buildConfigurationList = 2C6F3E2A2369E38900961956 /* Build configuration list for PBXNativeTarget "Lab02CV" */;
			buildPhases = (
				2C6F3E122369E38700961956 /* Sources */,
				2C6F3E132369E38700961956 /* Frameworks */,
				2C6F3E142369E38700961956 /* Resources */,
			);
			buildRules = (
			);
			dependencies = (
			);
			name = Lab02CV;
			productName = Lab02CV;
			productReference = 2C6F3E162369E38700961956 /* Lab02CV.app */;
			productType = "com.apple.product-type.application";
		};
/* End PBXNativeTarget section */

/* Begin PBXProject section */
		2C6F3E0E2369E38700961956 /* Project object */ = {
			isa = PBXProject;
			attributes = {
				LastSwiftUpdateCheck = 1110;
				LastUpgradeCheck = 1110;
				ORGANIZATIONNAME = "Johan Kantola";
				TargetAttributes = {
					2C6F3E152369E38700961956 = {
						CreatedOnToolsVersion = 11.1;
					};
				};
			};
			buildConfigurationList = 2C6F3E112369E38700961956 /* Build configuration list for PBXProject "Lab02CV" */;
			compatibilityVersion = "Xcode 9.3";
			developmentRegion = en;
			hasScannedForEncodings = 0;
			knownRegions = (
				en,
				Base,
			);
			mainGroup = 2C6F3E0D2369E38700961956;
			productRefGroup = 2C6F3E172369E38700961956 /* Products */;
			projectDirPath = "";
			projectRoot = "";
			targets = (
				2C6F3E152369E38700961956 /* Lab02CV */,
			);
		};
/* End PBXProject section */

/* Begin PBXResourcesBuildPhase section */
		2C6F3E142369E38700961956 /* Resources */ = {
			isa = PBXResourcesBuildPhase;
			buildActionMask = 2147483647;
			files = (
				2C6F3E262369E38900961956 /* LaunchScreen.storyboard in Resources */,
				2C6F3E232369E38900961956 /* Assets.xcassets in Resources */,
				2C6F3E212369E38700961956 /* Main.storyboard in Resources */,
			);
			runOnlyForDeploymentPostprocessing = 0;
		};
/* End PBXResourcesBuildPhase section */

/* Begin PBXSourcesBuildPhase section */
		2C6F3E122369E38700961956 /* Sources */ = {
			isa = PBXSourcesBuildPhase;
			buildActionMask = 2147483647;
			files = (
				2CD2B54723706BFF00A3C074 /* ExpObject.swift in Sources */,
				2CD2B54123703D8D00A3C074 /* ExperienceViewController.swift in Sources */,
				2C6F3E1A2369E38700961956 /* AppDelegate.swift in Sources */,
				2CD2B543237063B900A3C074 /* ExperienceTableViewCell.swift in Sources */,
				2C6F3E562369F7DE00961956 /* CVViewController.swift in Sources */,
				2C6F3E1C2369E38700961956 /* SceneDelegate.swift in Sources */,
				2CD2B54B2371716700A3C074 /* SkillsViewController.swift in Sources */,
				2CD2B54923715D4100A3C074 /* ExperienceDetailViewController.swift in Sources */,
			);
			runOnlyForDeploymentPostprocessing = 0;
		};
/* End PBXSourcesBuildPhase section */

/* Begin PBXVariantGroup section */
		2C6F3E1F2369E38700961956 /* Main.storyboard */ = {
			isa = PBXVariantGroup;
			children = (
				2C6F3E202369E38700961956 /* Base */,
			);
			name = Main.storyboard;
			sourceTree = "<group>";
		};
		2C6F3E242369E38900961956 /* LaunchScreen.storyboard */ = {
			isa = PBXVariantGroup;
			children = (
				2C6F3E252369E38900961956 /* Base */,
			);
			name = LaunchScreen.storyboard;
			sourceTree = "<group>";
		};
/* End PBXVariantGroup section */

/* Begin XCBuildConfiguration section */
		2C6F3E282369E38900961956 /* Debug */ = {
			isa = XCBuildConfiguration;
			buildSettings = {
				ALWAYS_SEARCH_USER_PATHS = NO;
				CLANG_ANALYZER_NONNULL = YES;
				CLANG_ANALYZER_NUMBER_OBJECT_CONVERSION = YES_AGGRESSIVE;
				CLANG_CXX_LANGUAGE_STANDARD = "gnu++14";
				CLANG_CXX_LIBRARY = "libc++";
				CLANG_ENABLE_MODULES = YES;
				CLANG_ENABLE_OBJC_ARC = YES;
				CLANG_ENABLE_OBJC_WEAK = YES;
				CLANG_WARN_BLOCK_CAPTURE_AUTORELEASING = YES;
				CLANG_WARN_BOOL_CONVERSION = YES;
				CLANG_WARN_COMMA = YES;
				CLANG_WARN_CONSTANT_CONVERSION = YES;
				CLANG_WARN_DEPRECATED_OBJC_IMPLEMENTATIONS = YES;
				CLANG_WARN_DIRECT_OBJC_ISA_USAGE = YES_ERROR;
				CLANG_WARN_DOCUMENTATION_COMMENTS = YES;
				CLANG_WARN_EMPTY_BODY = YES;
				CLANG_WARN_ENUM_CONVERSION = YES;
				CLANG_WARN_INFINITE_RECURSION = YES;
				CLANG_WARN_INT_CONVERSION = YES;
				CLANG_WARN_NON_LITERAL_NULL_CONVERSION = YES;
				CLANG_WARN_OBJC_IMPLICIT_RETAIN_SELF = YES;
				CLANG_WARN_OBJC_LITERAL_CONVERSION = YES;
				CLANG_WARN_OBJC_ROOT_CLASS = YES_ERROR;
				CLANG_WARN_RANGE_LOOP_ANALYSIS = YES;
				CLANG_WARN_STRICT_PROTOTYPES = YES;
				CLANG_WARN_SUSPICIOUS_MOVE = YES;
				CLANG_WARN_UNGUARDED_AVAILABILITY = YES_AGGRESSIVE;
				CLANG_WARN_UNREACHABLE_CODE = YES;
				CLANG_WARN__DUPLICATE_METHOD_MATCH = YES;
				COPY_PHASE_STRIP = NO;
				DEBUG_INFORMATION_FORMAT = dwarf;
				ENABLE_STRICT_OBJC_MSGSEND = YES;
				ENABLE_TESTABILITY = YES;
				GCC_C_LANGUAGE_STANDARD = gnu11;
				GCC_DYNAMIC_NO_PIC = NO;
				GCC_NO_COMMON_BLOCKS = YES;
				GCC_OPTIMIZATION_LEVEL = 0;
				GCC_PREPROCESSOR_DEFINITIONS = (
					"DEBUG=1",
					"$(inherited)",
				);
				GCC_WARN_64_TO_32_BIT_CONVERSION = YES;
				GCC_WARN_ABOUT_RETURN_TYPE = YES_ERROR;
				GCC_WARN_UNDECLARED_SELECTOR = YES;
				GCC_WARN_UNINITIALIZED_AUTOS = YES_AGGRESSIVE;
				GCC_WARN_UNUSED_FUNCTION = YES;
				GCC_WARN_UNUSED_VARIABLE = YES;
				IPHONEOS_DEPLOYMENT_TARGET = 13.1;
				MTL_ENABLE_DEBUG_INFO = INCLUDE_SOURCE;
				MTL_FAST_MATH = YES;
				ONLY_ACTIVE_ARCH = YES;
				SDKROOT = iphoneos;
				SWIFT_ACTIVE_COMPILATION_CONDITIONS = DEBUG;
				SWIFT_OPTIMIZATION_LEVEL = "-Onone";
			};
			name = Debug;
		};
		2C6F3E292369E38900961956 /* Release */ = {
			isa = XCBuildConfiguration;
			buildSettings = {
				ALWAYS_SEARCH_USER_PATHS = NO;
				CLANG_ANALYZER_NONNULL = YES;
				CLANG_ANALYZER_NUMBER_OBJECT_CONVERSION = YES_AGGRESSIVE;
				CLANG_CXX_LANGUAGE_STANDARD = "gnu++14";
				CLANG_CXX_LIBRARY = "libc++";
				CLANG_ENABLE_MODULES = YES;
				CLANG_ENABLE_OBJC_ARC = YES;
				CLANG_ENABLE_OBJC_WEAK = YES;
				CLANG_WARN_BLOCK_CAPTURE_AUTORELEASING = YES;
				CLANG_WARN_BOOL_CONVERSION = YES;
				CLANG_WARN_COMMA = YES;
				CLANG_WARN_CONSTANT_CONVERSION = YES;
				CLANG_WARN_DEPRECATED_OBJC_IMPLEMENTATIONS = YES;
				CLANG_WARN_DIRECT_OBJC_ISA_USAGE = YES_ERROR;
				CLANG_WARN_DOCUMENTATION_COMMENTS = YES;
				CLANG_WARN_EMPTY_BODY = YES;
				CLANG_WARN_ENUM_CONVERSION = YES;
				CLANG_WARN_INFINITE_RECURSION = YES;
				CLANG_WARN_INT_CONVERSION = YES;
				CLANG_WARN_NON_LITERAL_NULL_CONVERSION = YES;
				CLANG_WARN_OBJC_IMPLICIT_RETAIN_SELF = YES;
				CLANG_WARN_OBJC_LITERAL_CONVERSION = YES;
				CLANG_WARN_OBJC_ROOT_CLASS = YES_ERROR;
				CLANG_WARN_RANGE_LOOP_ANALYSIS = YES;
				CLANG_WARN_STRICT_PROTOTYPES = YES;
				CLANG_WARN_SUSPICIOUS_MOVE = YES;
				CLANG_WARN_UNGUARDED_AVAILABILITY = YES_AGGRESSIVE;
				CLANG_WARN_UNREACHABLE_CODE = YES;
				CLANG_WARN__DUPLICATE_METHOD_MATCH = YES;
				COPY_PHASE_STRIP = NO;
				DEBUG_INFORMATION_FORMAT = "dwarf-with-dsym";
				ENABLE_NS_ASSERTIONS = NO;
				ENABLE_STRICT_OBJC_MSGSEND = YES;
				GCC_C_LANGUAGE_STANDARD = gnu11;
				GCC_NO_COMMON_BLOCKS = YES;
				GCC_WARN_64_TO_32_BIT_CONVERSION = YES;
				GCC_WARN_ABOUT_RETURN_TYPE = YES_ERROR;
				GCC_WARN_UNDECLARED_SELECTOR = YES;
				GCC_WARN_UNINITIALIZED_AUTOS = YES_AGGRESSIVE;
				GCC_WARN_UNUSED_FUNCTION = YES;
				GCC_WARN_UNUSED_VARIABLE = YES;
				IPHONEOS_DEPLOYMENT_TARGET = 13.1;
				MTL_ENABLE_DEBUG_INFO = NO;
				MTL_FAST_MATH = YES;
				SDKROOT = iphoneos;
				SWIFT_COMPILATION_MODE = wholemodule;
				SWIFT_OPTIMIZATION_LEVEL = "-O";
				VALIDATE_PRODUCT = YES;
			};
			name = Release;
		};
		2C6F3E2B2369E38900961956 /* Debug */ = {
			isa = XCBuildConfiguration;
			buildSettings = {
				ASSETCATALOG_COMPILER_APPICON_NAME = AppIcon;
				CODE_SIGN_STYLE = Automatic;
				INFOPLIST_FILE = Lab02CV/Info.plist;
				LD_RUNPATH_SEARCH_PATHS = (
					"$(inherited)",
					"@executable_path/Frameworks",
				);
				PRODUCT_BUNDLE_IDENTIFIER = j.Lab02CV;
				PRODUCT_NAME = "$(TARGET_NAME)";
				SWIFT_VERSION = 5.0;
				TARGETED_DEVICE_FAMILY = "1,2";
			};
			name = Debug;
		};
		2C6F3E2C2369E38900961956 /* Release */ = {
			isa = XCBuildConfiguration;
			buildSettings = {
				ASSETCATALOG_COMPILER_APPICON_NAME = AppIcon;
				CODE_SIGN_STYLE = Automatic;
				INFOPLIST_FILE = Lab02CV/Info.plist;
				LD_RUNPATH_SEARCH_PATHS = (
					"$(inherited)",
					"@executable_path/Frameworks",
				);
				PRODUCT_BUNDLE_IDENTIFIER = j.Lab02CV;
				PRODUCT_NAME = "$(TARGET_NAME)";
				SWIFT_VERSION = 5.0;
				TARGETED_DEVICE_FAMILY = "1,2";
			};
			name = Release;
		};
/* End XCBuildConfiguration section */

/* Begin XCConfigurationList section */
		2C6F3E112369E38700961956 /* Build configuration list for PBXProject "Lab02CV" */ = {
			isa = XCConfigurationList;
			buildConfigurations = (
				2C6F3E282369E38900961956 /* Debug */,
				2C6F3E292369E38900961956 /* Release */,
			);
			defaultConfigurationIsVisible = 0;
			defaultConfigurationName = Release;
		};
		2C6F3E2A2369E38900961956 /* Build configuration list for PBXNativeTarget "Lab02CV" */ = {
			isa = XCConfigurationList;
			buildConfigurations = (
				2C6F3E2B2369E38900961956 /* Debug */,
				2C6F3E2C2369E38900961956 /* Release */,
			);
			defaultConfigurationIsVisible = 0;
			defaultConfigurationName = Release;
		};
/* End XCConfigurationList section */
	};
	rootObject = 2C6F3E0E2369E38700961956 /* Project object */;
}
